# This file is generated by running "yarn install" inside your project.
# Manual changes might be lost - proceed with caution!

__metadata:
  version: 8
  cacheKey: 10c0

"@chevrotain/cst-dts-gen@npm:11.0.3":
  version: 11.0.3
  resolution: "@chevrotain/cst-dts-gen@npm:11.0.3"
  dependencies:
    "@chevrotain/gast": "npm:11.0.3"
    "@chevrotain/types": "npm:11.0.3"
    lodash-es: "npm:4.17.21"
  checksum: 10c0/9e945a0611386e4e08af34c2d0b3af36c1af08f726b58145f11310f2aeafcb2d65264c06ec65a32df6b6a65771e6a55be70580c853afe3ceb51487e506967104
  languageName: node
  linkType: hard

"@chevrotain/gast@npm:11.0.3":
  version: 11.0.3
  resolution: "@chevrotain/gast@npm:11.0.3"
  dependencies:
    "@chevrotain/types": "npm:11.0.3"
    lodash-es: "npm:4.17.21"
  checksum: 10c0/54fc44d7b4a7b0323f49d957dd88ad44504922d30cb226d93b430b0e09925efe44e0726068581d777f423fabfb878a2238ed2c87b690c0c0014ebd12b6968354
  languageName: node
  linkType: hard

"@chevrotain/regexp-to-ast@npm:11.0.3":
  version: 11.0.3
  resolution: "@chevrotain/regexp-to-ast@npm:11.0.3"
  checksum: 10c0/6939c5c94fbfb8c559a4a37a283af5ded8e6147b184a7d7bcf5ad1404d9d663c78d81602bd8ea8458ec497358a9e1671541099c511835d0be2cad46f00c62b3f
  languageName: node
  linkType: hard

"@chevrotain/types@npm:11.0.3":
  version: 11.0.3
  resolution: "@chevrotain/types@npm:11.0.3"
  checksum: 10c0/72fe8f0010ebef848e47faea14a88c6fdc3cdbafaef6b13df4a18c7d33249b1b675e37b05cb90a421700c7016dae7cd4187ab6b549e176a81cea434f69cd2503
  languageName: node
  linkType: hard

"@chevrotain/utils@npm:11.0.3":
  version: 11.0.3
  resolution: "@chevrotain/utils@npm:11.0.3"
  checksum: 10c0/b31972d1b2d444eef1499cf9b7576fc1793e8544910de33a3c18e07c270cfad88067f175d0ee63e7bc604713ebed647f8190db45cc8311852cd2d4fe2ef14068
  languageName: node
  linkType: hard

"@kwsites/file-exists@npm:^1.1.1":
  version: 1.1.1
  resolution: "@kwsites/file-exists@npm:1.1.1"
  dependencies:
    debug: "npm:^4.1.1"
  checksum: 10c0/39e693239a72ccd8408bb618a0200e4a8d61682057ca7ae2c87668d7e69196e8d7e2c9cde73db6b23b3b0230169a15e5f1bfe086539f4be43e767b2db68e8ee4
  languageName: node
  linkType: hard

"@kwsites/promise-deferred@npm:^1.1.1":
  version: 1.1.1
  resolution: "@kwsites/promise-deferred@npm:1.1.1"
  checksum: 10c0/ef1ad3f1f50991e3bed352b175986d8b4bc684521698514a2ed63c1d1fc9848843da4f2bc2df961c9b148c94e1c34bf33f0da8a90ba2234e452481f2cc9937b1
  languageName: node
  linkType: hard

"@pinojs/redact@npm:^0.4.0":
  version: 0.4.0
  resolution: "@pinojs/redact@npm:0.4.0"
  checksum: 10c0/4b311ba17ee0cf154ff9c39eb063ec04cd0d0017cb3750efcdf06c2d485df3e1095e13e872175993568c5568c23e4508dd877c981bbc9c5ae5e384d569efcdff
  languageName: node
  linkType: hard

"@willbooster/prettier-config@npm:10.2.4":
  version: 10.2.4
  resolution: "@willbooster/prettier-config@npm:10.2.4"
  peerDependencies:
    prettier: ">=3"
    prettier-plugin-java: ">=2.6"
  checksum: 10c0/0216f838b7c62add1d9a988ee955fa7d0e9f458367203a84151741afa53a77201c2937fa4efa816a962050fff938374160177240eda1ea6fdcca2d8c5f29d3d9
  languageName: node
  linkType: hard

"ansi-escapes@npm:^7.0.0":
  version: 7.2.0
  resolution: "ansi-escapes@npm:7.2.0"
  dependencies:
    environment: "npm:^1.0.0"
  checksum: 10c0/b562fd995761fa12f33be316950ee58fda489e125d331bcd9131434969a2eb55dc14e9405f214dcf4697c9d67c576ba0baf6e8f3d52058bf9222c97560b220cb
  languageName: node
  linkType: hard

"ansi-regex@npm:^6.0.1":
  version: 6.2.2
  resolution: "ansi-regex@npm:6.2.2"
  checksum: 10c0/05d4acb1d2f59ab2cf4b794339c7b168890d44dda4bf0ce01152a8da0213aca207802f930442ce8cd22d7a92f44907664aac6508904e75e038fa944d2601b30f
  languageName: node
  linkType: hard

"ansi-styles@npm:^6.2.1":
  version: 6.2.3
  resolution: "ansi-styles@npm:6.2.3"
  checksum: 10c0/23b8a4ce14e18fb854693b95351e286b771d23d8844057ed2e7d083cd3e708376c3323707ec6a24365f7d7eda3ca00327fe04092e29e551499ec4c8b7bfac868
  languageName: node
  linkType: hard

"atomic-sleep@npm:^1.0.0":
  version: 1.0.0
  resolution: "atomic-sleep@npm:1.0.0"
  checksum: 10c0/e329a6665512736a9bbb073e1761b4ec102f7926cce35037753146a9db9c8104f5044c1662e4a863576ce544fb8be27cd2be6bc8c1a40147d03f31eb1cfb6e8a
  languageName: node
  linkType: hard

"braces@npm:^3.0.3":
  version: 3.0.3
  resolution: "braces@npm:3.0.3"
  dependencies:
    fill-range: "npm:^7.1.1"
  checksum: 10c0/7c6dfd30c338d2997ba77500539227b9d1f85e388a5f43220865201e407e076783d0881f2d297b9f80951b4c957fcf0b51c1d2d24227631643c3f7c284b0aa04
  languageName: node
  linkType: hard

"chevrotain-allstar@npm:0.3.1":
  version: 0.3.1
  resolution: "chevrotain-allstar@npm:0.3.1"
  dependencies:
    lodash-es: "npm:^4.17.21"
  peerDependencies:
    chevrotain: ^11.0.0
  checksum: 10c0/5cadedffd3114eb06b15fd3939bb1aa6c75412dbd737fe302b52c5c24334f9cb01cee8edc1d1067d98ba80dddf971f1d0e94b387de51423fc6cf3c5d8b7ef27a
  languageName: node
  linkType: hard

"chevrotain@npm:11.0.3":
  version: 11.0.3
  resolution: "chevrotain@npm:11.0.3"
  dependencies:
    "@chevrotain/cst-dts-gen": "npm:11.0.3"
    "@chevrotain/gast": "npm:11.0.3"
    "@chevrotain/regexp-to-ast": "npm:11.0.3"
    "@chevrotain/types": "npm:11.0.3"
    "@chevrotain/utils": "npm:11.0.3"
    lodash-es: "npm:4.17.21"
  checksum: 10c0/ffd425fa321e3f17e9833d7f44cd39f2743f066e92ca74b226176080ca5d455f853fe9091cdfd86354bd899d85c08b3bdc3f55b267e7d07124b048a88349765f
  languageName: node
  linkType: hard

"cli-cursor@npm:^5.0.0":
  version: 5.0.0
  resolution: "cli-cursor@npm:5.0.0"
  dependencies:
    restore-cursor: "npm:^5.0.0"
  checksum: 10c0/7ec62f69b79f6734ab209a3e4dbdc8af7422d44d360a7cb1efa8a0887bbe466a6e625650c466fe4359aee44dbe2dc0b6994b583d40a05d0808a5cb193641d220
  languageName: node
  linkType: hard

"cli-truncate@npm:^5.0.0":
  version: 5.1.1
  resolution: "cli-truncate@npm:5.1.1"
  dependencies:
    slice-ansi: "npm:^7.1.0"
    string-width: "npm:^8.0.0"
  checksum: 10c0/3842920829a62f3e041ce39199050c42706c3c9c756a4efc8b86d464e102d1fa031d8b1b9b2e3bb36e1017c763558275472d031bdc884c1eff22a2f20e4f6b0a
  languageName: node
  linkType: hard

"cliui@npm:^9.0.1":
  version: 9.0.1
  resolution: "cliui@npm:9.0.1"
  dependencies:
    string-width: "npm:^7.2.0"
    strip-ansi: "npm:^7.1.0"
    wrap-ansi: "npm:^9.0.0"
  checksum: 10c0/13441832e9efe7c7a76bd2b8e683555c478d461a9f249dc5db9b17fe8d4b47fa9277b503914b90bd00e4a151abb6b9b02b2288972ffe2e5e3ca40bcb1c2330d3
  languageName: node
  linkType: hard

"colorette@npm:^2.0.20, colorette@npm:^2.0.7":
  version: 2.0.20
  resolution: "colorette@npm:2.0.20"
  checksum: 10c0/e94116ff33b0ff56f3b83b9ace895e5bf87c2a7a47b3401b8c3f3226e050d5ef76cf4072fb3325f9dc24d1698f9b730baf4e05eeaf861d74a1883073f4c98a40
  languageName: node
  linkType: hard

"commander@npm:^14.0.2":
  version: 14.0.2
  resolution: "commander@npm:14.0.2"
  checksum: 10c0/245abd1349dbad5414cb6517b7b5c584895c02c4f7836ff5395f301192b8566f9796c82d7bd6c92d07eba8775fe4df86602fca5d86d8d10bcc2aded1e21c2aeb
  languageName: node
  linkType: hard

"dateformat@npm:^4.6.3":
  version: 4.6.3
  resolution: "dateformat@npm:4.6.3"
  checksum: 10c0/e2023b905e8cfe2eb8444fb558562b524807a51cdfe712570f360f873271600b5c94aebffaf11efb285e2c072264a7cf243eadb68f3eba0f8cc85fb86cd25df6
  languageName: node
  linkType: hard

"debug@npm:^4.1.1, debug@npm:^4.4.0":
  version: 4.4.3
  resolution: "debug@npm:4.4.3"
  dependencies:
    ms: "npm:^2.1.3"
  peerDependenciesMeta:
    supports-color:
      optional: true
  checksum: 10c0/d79136ec6c83ecbefd0f6a5593da6a9c91ec4d7ddc4b54c883d6e71ec9accb5f67a1a5e96d00a328196b5b5c86d365e98d8a3a70856aaf16b4e7b1985e67f5a6
  languageName: node
  linkType: hard

"detect-indent@npm:^7.0.2":
  version: 7.0.2
  resolution: "detect-indent@npm:7.0.2"
  checksum: 10c0/adb1334ca3fe516dc6817aff0a777540b88643ab92fe13a72d0f5d12721ca796ffdd0e5fedb7b45e6e82657156c6ad44f5d5758157f0439532ae7d07b595146b
  languageName: node
  linkType: hard

"detect-newline@npm:^4.0.1":
  version: 4.0.1
  resolution: "detect-newline@npm:4.0.1"
  checksum: 10c0/1cc1082e88ad477f30703ae9f23bd3e33816ea2db6a35333057e087d72d466f5a777809b71f560118ecff935d2c712f5b59e1008a8b56a900909d8fd4621c603
  languageName: node
  linkType: hard

"emoji-regex@npm:^10.3.0":
  version: 10.6.0
  resolution: "emoji-regex@npm:10.6.0"
  checksum: 10c0/1e4aa097bb007301c3b4b1913879ae27327fdc48e93eeefefe3b87e495eb33c5af155300be951b4349ff6ac084f4403dc9eff970acba7c1c572d89396a9a32d7
  languageName: node
  linkType: hard

"end-of-stream@npm:^1.1.0":
  version: 1.4.5
  resolution: "end-of-stream@npm:1.4.5"
  dependencies:
    once: "npm:^1.4.0"
  checksum: 10c0/b0701c92a10b89afb1cb45bf54a5292c6f008d744eb4382fa559d54775ff31617d1d7bc3ef617575f552e24fad2c7c1a1835948c66b3f3a4be0a6c1f35c883d8
  languageName: node
  linkType: hard

"environment@npm:^1.0.0":
  version: 1.1.0
  resolution: "environment@npm:1.1.0"
  checksum: 10c0/fb26434b0b581ab397039e51ff3c92b34924a98b2039dcb47e41b7bca577b9dbf134a8eadb364415c74464b682e2d3afe1a4c0eb9873dc44ea814c5d3103331d
  languageName: node
  linkType: hard

"escalade@npm:^3.1.1":
  version: 3.2.0
  resolution: "escalade@npm:3.2.0"
  checksum: 10c0/ced4dd3a78e15897ed3be74e635110bbf3b08877b0a41be50dcb325ee0e0b5f65fc2d50e9845194d7c4633f327e2e1c6cce00a71b617c5673df0374201d67f65
  languageName: node
  linkType: hard

"eventemitter3@npm:^5.0.1":
  version: 5.0.1
  resolution: "eventemitter3@npm:5.0.1"
  checksum: 10c0/4ba5c00c506e6c786b4d6262cfbce90ddc14c10d4667e5c83ae993c9de88aa856033994dd2b35b83e8dc1170e224e66a319fa80adc4c32adcd2379bbc75da814
  languageName: node
  linkType: hard

"fast-copy@npm:^4.0.0":
  version: 4.0.2
  resolution: "fast-copy@npm:4.0.2"
  checksum: 10c0/f8e51483ce1761e3ba21a07cbd2149afd99a62230aa8025acc6ce4c818000a52c94ebb80960d63953ff01677b7886841f250395e462ad9a54bef39cce1834343
  languageName: node
  linkType: hard

"fast-safe-stringify@npm:^2.1.1":
  version: 2.1.1
  resolution: "fast-safe-stringify@npm:2.1.1"
  checksum: 10c0/d90ec1c963394919828872f21edaa3ad6f1dddd288d2bd4e977027afff09f5db40f94e39536d4646f7e01761d704d72d51dce5af1b93717f3489ef808f5f4e4d
  languageName: node
  linkType: hard

"fdir@npm:^6.5.0":
  version: 6.5.0
  resolution: "fdir@npm:6.5.0"
  peerDependencies:
    picomatch: ^3 || ^4
  peerDependenciesMeta:
    picomatch:
      optional: true
  checksum: 10c0/e345083c4306b3aed6cb8ec551e26c36bab5c511e99ea4576a16750ddc8d3240e63826cc624f5ae17ad4dc82e68a253213b60d556c11bfad064b7607847ed07f
  languageName: node
  linkType: hard

"fill-range@npm:^7.1.1":
  version: 7.1.1
  resolution: "fill-range@npm:7.1.1"
  dependencies:
    to-regex-range: "npm:^5.0.1"
  checksum: 10c0/b75b691bbe065472f38824f694c2f7449d7f5004aa950426a2c28f0306c60db9b880c0b0e4ed819997ffb882d1da02cfcfc819bddc94d71627f5269682edf018
  languageName: node
  linkType: hard

"fs-extra@npm:11.3.3":
  version: 11.3.3
  resolution: "fs-extra@npm:11.3.3"
  dependencies:
    graceful-fs: "npm:^4.2.0"
    jsonfile: "npm:^6.0.1"
    universalify: "npm:^2.0.0"
  checksum: 10c0/984924ff4104e3e9f351b658a864bf3b354b2c90429f57aec0acd12d92c4e6b762cbacacdffb4e745b280adce882e1f980c485d9f02c453f769ab4e7fc646ce3
  languageName: node
  linkType: hard

"get-caller-file@npm:^2.0.5":
  version: 2.0.5
  resolution: "get-caller-file@npm:2.0.5"
  checksum: 10c0/c6c7b60271931fa752aeb92f2b47e355eac1af3a2673f47c9589e8f8a41adc74d45551c1bc57b5e66a80609f10ffb72b6f575e4370d61cc3f7f3aaff01757cde
  languageName: node
  linkType: hard

"get-east-asian-width@npm:^1.0.0, get-east-asian-width@npm:^1.3.0, get-east-asian-width@npm:^1.3.1":
  version: 1.4.0
  resolution: "get-east-asian-width@npm:1.4.0"
  checksum: 10c0/4e481d418e5a32061c36fbb90d1b225a254cc5b2df5f0b25da215dcd335a3c111f0c2023ffda43140727a9cafb62dac41d022da82c08f31083ee89f714ee3b83
  languageName: node
  linkType: hard

"git-hooks-list@npm:^4.1.1":
  version: 4.1.1
  resolution: "git-hooks-list@npm:4.1.1"
  checksum: 10c0/74d87b1ed457214599566032e3bb79d75ec1605729e83fa6182b889900dd94fc14aafe7b8c66b40562ab9fdeea0e0d8035c23a64d8eb9d3917d1f1d6c06c8e4d
  languageName: node
  linkType: hard

"graceful-fs@npm:^4.1.6, graceful-fs@npm:^4.2.0":
  version: 4.2.11
  resolution: "graceful-fs@npm:4.2.11"
  checksum: 10c0/386d011a553e02bc594ac2ca0bd6d9e4c22d7fa8cfbfc448a6d148c59ea881b092db9dbe3547ae4b88e55f1b01f7c4a2ecc53b310c042793e63aa44cf6c257f2
  languageName: node
  linkType: hard

"help-me@npm:^5.0.0":
  version: 5.0.0
  resolution: "help-me@npm:5.0.0"
  checksum: 10c0/054c0e2e9ae2231c85ab5e04f75109b9d068ffcc54e58fb22079822a5ace8ff3d02c66fd45379c902ad5ab825e5d2e1451fcc2f7eab1eb49e7d488133ba4cacb
  languageName: node
  linkType: hard

"husky@npm:9.1.7":
  version: 9.1.7
  resolution: "husky@npm:9.1.7"
  bin:
    husky: bin.js
  checksum: 10c0/35bb110a71086c48906aa7cd3ed4913fb913823715359d65e32e0b964cb1e255593b0ae8014a5005c66a68e6fa66c38dcfa8056dbbdfb8b0187c0ffe7ee3a58f
  languageName: node
  linkType: hard

"is-fullwidth-code-point@npm:^5.0.0":
  version: 5.1.0
  resolution: "is-fullwidth-code-point@npm:5.1.0"
  dependencies:
    get-east-asian-width: "npm:^1.3.1"
  checksum: 10c0/c1172c2e417fb73470c56c431851681591f6a17233603a9e6f94b7ba870b2e8a5266506490573b607fb1081318589372034aa436aec07b465c2029c0bc7f07a4
  languageName: node
  linkType: hard

"is-number@npm:^7.0.0":
  version: 7.0.0
  resolution: "is-number@npm:7.0.0"
  checksum: 10c0/b4686d0d3053146095ccd45346461bc8e53b80aeb7671cc52a4de02dbbf7dc0d1d2a986e2fe4ae206984b4d34ef37e8b795ebc4f4295c978373e6575e295d811
  languageName: node
  linkType: hard

"is-plain-obj@npm:^4.1.0":
  version: 4.1.0
  resolution: "is-plain-obj@npm:4.1.0"
  checksum: 10c0/32130d651d71d9564dc88ba7e6fda0e91a1010a3694648e9f4f47bb6080438140696d3e3e15c741411d712e47ac9edc1a8a9de1fe76f3487b0d90be06ac9975e
  languageName: node
  linkType: hard

"java-parser@npm:3.0.1":
  version: 3.0.1
  resolution: "java-parser@npm:3.0.1"
  dependencies:
    chevrotain: "npm:11.0.3"
    chevrotain-allstar: "npm:0.3.1"
    lodash: "npm:4.17.21"
  checksum: 10c0/9b60f1132b65785fe4f4c10785fc1638a4092aecf222f63706c119425d0ffb676b7229390abe289082cf837cd470df63f9b9383743d470816fa170240f8b1e22
  languageName: node
  linkType: hard

"joycon@npm:^3.1.1":
  version: 3.1.1
  resolution: "joycon@npm:3.1.1"
  checksum: 10c0/131fb1e98c9065d067fd49b6e685487ac4ad4d254191d7aa2c9e3b90f4e9ca70430c43cad001602bdbdabcf58717d3b5c5b7461c1bd8e39478c8de706b3fe6ae
  languageName: node
  linkType: hard

"jsonfile@npm:^6.0.1":
  version: 6.2.0
  resolution: "jsonfile@npm:6.2.0"
  dependencies:
    graceful-fs: "npm:^4.1.6"
    universalify: "npm:^2.0.0"
  dependenciesMeta:
    graceful-fs:
      optional: true
  checksum: 10c0/7f4f43b08d1869ded8a6822213d13ae3b99d651151d77efd1557ced0889c466296a7d9684e397bd126acf5eb2cfcb605808c3e681d0fdccd2fe5a04b47e76c0d
  languageName: node
  linkType: hard

"lint-staged@npm:16.2.7":
  version: 16.2.7
  resolution: "lint-staged@npm:16.2.7"
  dependencies:
    commander: "npm:^14.0.2"
    listr2: "npm:^9.0.5"
    micromatch: "npm:^4.0.8"
    nano-spawn: "npm:^2.0.0"
    pidtree: "npm:^0.6.0"
    string-argv: "npm:^0.3.2"
    yaml: "npm:^2.8.1"
  bin:
    lint-staged: bin/lint-staged.js
  checksum: 10c0/9a677c21a8112d823ae5bc565ba2c9e7b803786f2a021c46827a55fe44ed59def96edb24fc99c06a2545cdbbf366022ad82addcb3bf60c712f3b98ef92069717
  languageName: node
  linkType: hard

"listr2@npm:^9.0.5":
  version: 9.0.5
  resolution: "listr2@npm:9.0.5"
  dependencies:
    cli-truncate: "npm:^5.0.0"
    colorette: "npm:^2.0.20"
    eventemitter3: "npm:^5.0.1"
    log-update: "npm:^6.1.0"
    rfdc: "npm:^1.4.1"
    wrap-ansi: "npm:^9.0.0"
  checksum: 10c0/46448d1ba0addc9d71aeafd05bb8e86ded9641ccad930ac302c2bd2ad71580375604743e18586fcb8f11906edf98e8e17fca75ba0759947bf275d381f68e311d
  languageName: node
  linkType: hard

"lodash-es@npm:4.17.21":
  version: 4.17.21
  resolution: "lodash-es@npm:4.17.21"
  checksum: 10c0/fb407355f7e6cd523a9383e76e6b455321f0f153a6c9625e21a8827d10c54c2a2341bd2ae8d034358b60e07325e1330c14c224ff582d04612a46a4f0479ff2f2
  languageName: node
  linkType: hard

"lodash-es@npm:^4.17.21":
  version: 4.17.22
  resolution: "lodash-es@npm:4.17.22"
  checksum: 10c0/5f28a262183cca43e08c580622557f393cb889386df2d8adf7c852bfdff7a84c5e629df5aa6c5c6274e83b38172f239d3e4e72e1ad27352d9ae9766627338089
  languageName: node
  linkType: hard

"lodash@npm:4.17.21":
  version: 4.17.21
  resolution: "lodash@npm:4.17.21"
  checksum: 10c0/d8cbea072bb08655bb4c989da418994b073a608dffa608b09ac04b43a791b12aeae7cd7ad919aa4c925f33b48490b5cfe6c1f71d827956071dae2e7bb3a6b74c
  languageName: node
  linkType: hard

"log-update@npm:^6.1.0":
  version: 6.1.0
  resolution: "log-update@npm:6.1.0"
  dependencies:
    ansi-escapes: "npm:^7.0.0"
    cli-cursor: "npm:^5.0.0"
    slice-ansi: "npm:^7.1.0"
    strip-ansi: "npm:^7.1.0"
    wrap-ansi: "npm:^9.0.0"
  checksum: 10c0/4b350c0a83d7753fea34dcac6cd797d1dc9603291565de009baa4aa91c0447eab0d3815a05c8ec9ac04fdfffb43c82adcdb03ec1fceafd8518e1a8c1cff4ff89
  languageName: node
  linkType: hard

"micromatch@npm:4.0.8, micromatch@npm:^4.0.8":
  version: 4.0.8
  resolution: "micromatch@npm:4.0.8"
  dependencies:
    braces: "npm:^3.0.3"
    picomatch: "npm:^2.3.1"
  checksum: 10c0/166fa6eb926b9553f32ef81f5f531d27b4ce7da60e5baf8c021d043b27a388fb95e46a8038d5045877881e673f8134122b59624d5cecbd16eb50a42e7a6b5ca8
  languageName: node
  linkType: hard

"mimic-function@npm:^5.0.0":
  version: 5.0.1
  resolution: "mimic-function@npm:5.0.1"
  checksum: 10c0/f3d9464dd1816ecf6bdf2aec6ba32c0728022039d992f178237d8e289b48764fee4131319e72eedd4f7f094e22ded0af836c3187a7edc4595d28dd74368fd81d
  languageName: node
  linkType: hard

"minimist@npm:^1.2.6":
  version: 1.2.8
  resolution: "minimist@npm:1.2.8"
  checksum: 10c0/19d3fcdca050087b84c2029841a093691a91259a47def2f18222f41e7645a0b7c44ef4b40e88a1e58a40c84d2ef0ee6047c55594d298146d0eb3f6b737c20ce6
  languageName: node
  linkType: hard

"ms@npm:^2.1.3":
  version: 2.1.3
  resolution: "ms@npm:2.1.3"
  checksum: 10c0/d924b57e7312b3b63ad21fc5b3dc0af5e78d61a1fc7cfb5457edaf26326bf62be5307cc87ffb6862ef1c2b33b0233cdb5d4f01c4c958cc0d660948b65a287a48
  languageName: node
  linkType: hard

"nano-spawn@npm:^2.0.0":
  version: 2.0.0
  resolution: "nano-spawn@npm:2.0.0"
  checksum: 10c0/d00f9b5739f86e28cb732ffd774793e110810cded246b8393c75c4f22674af47f98ee37b19f022ada2d8c9425f800e841caa0662fbff4c0930a10e39339fb366
  languageName: node
  linkType: hard

"on-exit-leak-free@npm:^2.1.0":
  version: 2.1.2
  resolution: "on-exit-leak-free@npm:2.1.2"
  checksum: 10c0/faea2e1c9d696ecee919026c32be8d6a633a7ac1240b3b87e944a380e8a11dc9c95c4a1f8fb0568de7ab8db3823e790f12bda45296b1d111e341aad3922a0570
  languageName: node
  linkType: hard

"once@npm:^1.3.1, once@npm:^1.4.0":
  version: 1.4.0
  resolution: "once@npm:1.4.0"
  dependencies:
    wrappy: "npm:1"
  checksum: 10c0/5d48aca287dfefabd756621c5dfce5c91a549a93e9fdb7b8246bc4c4790aa2ec17b34a260530474635147aeb631a2dcc8b32c613df0675f96041cbb8244517d0
  languageName: node
  linkType: hard

"one-way-git-sync@npm:6.0.31":
  version: 6.0.31
  resolution: "one-way-git-sync@npm:6.0.31"
  dependencies:
    fs-extra: "npm:11.3.3"
    micromatch: "npm:4.0.8"
    pino: "npm:10.1.0"
    pino-pretty: "npm:13.1.3"
    simple-git: "npm:3.30.0"
    yargs: "npm:18.0.0"
  bin:
    one-way-git-sync: bin/index.js
  checksum: 10c0/7f3f20ba32c940a6f936a85eeab4535bb794caf7dbdd7d90373d80a0838cdd354ed024103d8cf71e6e8aa25ab13244705f6cedefaddee05606c62238f80a5070
  languageName: node
  linkType: hard

"onetime@npm:^7.0.0":
  version: 7.0.0
  resolution: "onetime@npm:7.0.0"
  dependencies:
    mimic-function: "npm:^5.0.0"
  checksum: 10c0/5cb9179d74b63f52a196a2e7037ba2b9a893245a5532d3f44360012005c9cadb60851d56716ebff18a6f47129dab7168022445df47c2aff3b276d92585ed1221
  languageName: node
  linkType: hard

"picomatch@npm:^2.3.1":
  version: 2.3.1
  resolution: "picomatch@npm:2.3.1"
  checksum: 10c0/26c02b8d06f03206fc2ab8d16f19960f2ff9e81a658f831ecb656d8f17d9edc799e8364b1f4a7873e89d9702dff96204be0fa26fe4181f6843f040f819dac4be
  languageName: node
  linkType: hard

"picomatch@npm:^4.0.3":
  version: 4.0.3
  resolution: "picomatch@npm:4.0.3"
  checksum: 10c0/9582c951e95eebee5434f59e426cddd228a7b97a0161a375aed4be244bd3fe8e3a31b846808ea14ef2c8a2527a6eeab7b3946a67d5979e81694654f939473ae2
  languageName: node
  linkType: hard

"pidtree@npm:^0.6.0":
  version: 0.6.0
  resolution: "pidtree@npm:0.6.0"
  bin:
    pidtree: bin/pidtree.js
  checksum: 10c0/0829ec4e9209e230f74ebf4265f5ccc9ebfb488334b525cb13f86ff801dca44b362c41252cd43ae4d7653a10a5c6ab3be39d2c79064d6895e0d78dc50a5ed6e9
  languageName: node
  linkType: hard

"pino-abstract-transport@npm:^2.0.0":
  version: 2.0.0
  resolution: "pino-abstract-transport@npm:2.0.0"
  dependencies:
    split2: "npm:^4.0.0"
  checksum: 10c0/02c05b8f2ffce0d7c774c8e588f61e8b77de8ccb5f8125afd4a7325c9ea0e6af7fb78168999657712ae843e4462bb70ac550dfd6284f930ee57f17f486f25a9f
  languageName: node
  linkType: hard

"pino-abstract-transport@npm:^3.0.0":
  version: 3.0.0
  resolution: "pino-abstract-transport@npm:3.0.0"
  dependencies:
    split2: "npm:^4.0.0"
  checksum: 10c0/4486e1b9508110aaf963d07741ac98d660b974dd51d8ad42077d215118e27cda20c64da46c07c926898d52540aab7c6b9c37dc0f5355c203bb1d6a72b5bd8d6c
  languageName: node
  linkType: hard

"pino-pretty@npm:13.1.3":
  version: 13.1.3
  resolution: "pino-pretty@npm:13.1.3"
  dependencies:
    colorette: "npm:^2.0.7"
    dateformat: "npm:^4.6.3"
    fast-copy: "npm:^4.0.0"
    fast-safe-stringify: "npm:^2.1.1"
    help-me: "npm:^5.0.0"
    joycon: "npm:^3.1.1"
    minimist: "npm:^1.2.6"
    on-exit-leak-free: "npm:^2.1.0"
    pino-abstract-transport: "npm:^3.0.0"
    pump: "npm:^3.0.0"
    secure-json-parse: "npm:^4.0.0"
    sonic-boom: "npm:^4.0.1"
    strip-json-comments: "npm:^5.0.2"
  bin:
    pino-pretty: bin.js
  checksum: 10c0/36fa382521a893290c8f6a5b2ddc28dfb87fda1d161adb6b97d80bf7d24184970d0a7eab6f8ee45c39aff4b2ec3b2e533c756899798adc270010f34ba4411063
  languageName: node
  linkType: hard

"pino-std-serializers@npm:^7.0.0":
  version: 7.0.0
  resolution: "pino-std-serializers@npm:7.0.0"
  checksum: 10c0/73e694d542e8de94445a03a98396cf383306de41fd75ecc07085d57ed7a57896198508a0dec6eefad8d701044af21eb27253ccc352586a03cf0d4a0bd25b4133
  languageName: node
  linkType: hard

"pino@npm:10.1.0":
  version: 10.1.0
  resolution: "pino@npm:10.1.0"
  dependencies:
    "@pinojs/redact": "npm:^0.4.0"
    atomic-sleep: "npm:^1.0.0"
    on-exit-leak-free: "npm:^2.1.0"
    pino-abstract-transport: "npm:^2.0.0"
    pino-std-serializers: "npm:^7.0.0"
    process-warning: "npm:^5.0.0"
    quick-format-unescaped: "npm:^4.0.3"
    real-require: "npm:^0.2.0"
    safe-stable-stringify: "npm:^2.3.1"
    sonic-boom: "npm:^4.0.1"
    thread-stream: "npm:^3.0.0"
  bin:
    pino: bin.js
  checksum: 10c0/49c1dd80d5f99f02bde1acf2f60cef7686948a937f751f6cb368c2868c7e82e54aeabac63a34587e16019965cbf0eb6e609edf92c439a98a0a4fcb0add277eaf
  languageName: node
  linkType: hard

"pinst@npm:3.0.0":
  version: 3.0.0
  resolution: "pinst@npm:3.0.0"
  bin:
    pinst: bin.js
  checksum: 10c0/abb1ed62ea2acb2207a7a860715bdb26ecbde74ede8fad5f6200194f3e22db25e2b7a49af05e5cc7fc05384709c651e0000323f0077d7239060c4b68c8acd428
  languageName: node
  linkType: hard

"prettier-plugin-java@npm:2.7.7":
  version: 2.7.7
  resolution: "prettier-plugin-java@npm:2.7.7"
  dependencies:
    java-parser: "npm:3.0.1"
  peerDependencies:
    prettier: ^3.0.0
  checksum: 10c0/0acf9ab0dcb39739f9dd80c880cc9d703d73abf62b807d213258d2424ffc7d6617be4d95dfed25e0af5856a13fc3e0b16c694e150e202d2a180d9c6c5d7f5bd8
  languageName: node
  linkType: hard

"prettier@npm:3.7.4":
  version: 3.7.4
  resolution: "prettier@npm:3.7.4"
  bin:
    prettier: bin/prettier.cjs
  checksum: 10c0/9675d2cd08eacb1faf1d1a2dbfe24bfab6a912b059fc9defdb380a408893d88213e794a40a2700bd29b140eb3172e0b07c852853f6e22f16f3374659a1a13389
  languageName: node
  linkType: hard

"process-warning@npm:^5.0.0":
  version: 5.0.0
  resolution: "process-warning@npm:5.0.0"
  checksum: 10c0/941f48863d368ec161e0b5890ba0c6af94170078f3d6b5e915c19b36fb59edb0dc2f8e834d25e0d375a8bf368a49d490f080508842168832b93489d17843ec29
  languageName: node
  linkType: hard

"pump@npm:^3.0.0":
  version: 3.0.3
  resolution: "pump@npm:3.0.3"
  dependencies:
    end-of-stream: "npm:^1.1.0"
    once: "npm:^1.3.1"
  checksum: 10c0/ada5cdf1d813065bbc99aa2c393b8f6beee73b5de2890a8754c9f488d7323ffd2ca5f5a0943b48934e3fcbd97637d0337369c3c631aeb9614915db629f1c75c9
  languageName: node
  linkType: hard

"quick-format-unescaped@npm:^4.0.3":
  version: 4.0.4
  resolution: "quick-format-unescaped@npm:4.0.4"
  checksum: 10c0/fe5acc6f775b172ca5b4373df26f7e4fd347975578199e7d74b2ae4077f0af05baa27d231de1e80e8f72d88275ccc6028568a7a8c9ee5e7368ace0e18eff93a4
  languageName: node
  linkType: hard

"real-require@npm:^0.2.0":
  version: 0.2.0
  resolution: "real-require@npm:0.2.0"
  checksum: 10c0/23eea5623642f0477412ef8b91acd3969015a1501ed34992ada0e3af521d3c865bb2fe4cdbfec5fe4b505f6d1ef6a03e5c3652520837a8c3b53decff7e74b6a0
  languageName: node
  linkType: hard

"restore-cursor@npm:^5.0.0":
  version: 5.1.0
  resolution: "restore-cursor@npm:5.1.0"
  dependencies:
    onetime: "npm:^7.0.0"
    signal-exit: "npm:^4.1.0"
  checksum: 10c0/c2ba89131eea791d1b25205bdfdc86699767e2b88dee2a590b1a6caa51737deac8bad0260a5ded2f7c074b7db2f3a626bcf1fcf3cdf35974cbeea5e2e6764f60
  languageName: node
  linkType: hard

"reusable-workflows@workspace:.":
  version: 0.0.0-use.local
  resolution: "reusable-workflows@workspace:."
  dependencies:
    "@willbooster/prettier-config": "npm:10.2.4"
    husky: "npm:9.1.7"
    lint-staged: "npm:16.2.7"
    one-way-git-sync: "npm:6.0.31"
    pinst: "npm:3.0.0"
    prettier: "npm:3.7.4"
    prettier-plugin-java: "npm:2.7.7"
    sort-package-json: "npm:3.6.0"
  languageName: unknown
  linkType: soft

"rfdc@npm:^1.4.1":
  version: 1.4.1
  resolution: "rfdc@npm:1.4.1"
  checksum: 10c0/4614e4292356cafade0b6031527eea9bc90f2372a22c012313be1dcc69a3b90c7338158b414539be863fa95bfcb2ddcd0587be696841af4e6679d85e62c060c7
  languageName: node
  linkType: hard

"safe-stable-stringify@npm:^2.3.1":
  version: 2.5.0
  resolution: "safe-stable-stringify@npm:2.5.0"
  checksum: 10c0/baea14971858cadd65df23894a40588ed791769db21bafb7fd7608397dbdce9c5aac60748abae9995e0fc37e15f2061980501e012cd48859740796bea2987f49
  languageName: node
  linkType: hard

"secure-json-parse@npm:^4.0.0":
  version: 4.1.0
  resolution: "secure-json-parse@npm:4.1.0"
  checksum: 10c0/52b3f8125ea974db1333a5b63e6a1df550c36c0d5f9a263911d6732812bd02e938b30be324dcbbb9da3ef9bf5a84849e0dd911f56544003d3c09e8eee12504de
  languageName: node
  linkType: hard

"semver@npm:^7.7.3":
  version: 7.7.3
  resolution: "semver@npm:7.7.3"
  bin:
    semver: bin/semver.js
  checksum: 10c0/4afe5c986567db82f44c8c6faef8fe9df2a9b1d98098fc1721f57c696c4c21cebd572f297fc21002f81889492345b8470473bc6f4aff5fb032a6ea59ea2bc45e
  languageName: node
  linkType: hard

"signal-exit@npm:^4.1.0":
  version: 4.1.0
  resolution: "signal-exit@npm:4.1.0"
  checksum: 10c0/41602dce540e46d599edba9d9860193398d135f7ff72cab629db5171516cfae628d21e7bfccde1bbfdf11c48726bc2a6d1a8fb8701125852fbfda7cf19c6aa83
  languageName: node
  linkType: hard

"simple-git@npm:3.30.0":
  version: 3.30.0
  resolution: "simple-git@npm:3.30.0"
  dependencies:
    "@kwsites/file-exists": "npm:^1.1.1"
    "@kwsites/promise-deferred": "npm:^1.1.1"
    debug: "npm:^4.4.0"
  checksum: 10c0/ca123580944d55c7f93d17f7a89b39cd43245916b35ed3a8b1269d1f2ae9200e17f098e42af4a2572313726f1273641cbe0748a1ea37d8c803c181fb69068b1d
  languageName: node
  linkType: hard

"slice-ansi@npm:^7.1.0":
  version: 7.1.2
  resolution: "slice-ansi@npm:7.1.2"
  dependencies:
    ansi-styles: "npm:^6.2.1"
    is-fullwidth-code-point: "npm:^5.0.0"
  checksum: 10c0/36742f2eb0c03e2e81a38ed14d13a64f7b732fe38c3faf96cce0599788a345011e840db35f1430ca606ea3f8db2abeb92a8d25c2753a819e3babaa10c2e289a2
  languageName: node
  linkType: hard

"sonic-boom@npm:^4.0.1":
  version: 4.2.0
  resolution: "sonic-boom@npm:4.2.0"
  dependencies:
    atomic-sleep: "npm:^1.0.0"
  checksum: 10c0/ae897e6c2cd6d3cb7cdcf608bc182393b19c61c9413a85ce33ffd25891485589f39bece0db1de24381d0a38fc03d08c9862ded0c60f184f1b852f51f97af9684
  languageName: node
  linkType: hard

"sort-object-keys@npm:^2.0.1":
  version: 2.0.1
  resolution: "sort-object-keys@npm:2.0.1"
  checksum: 10c0/3bbe9d210a24ace65ede8abc4c57ea3280082f7c16fa88c9428eb3a39c85c2ab8a56767e61798bb9c74c272d50a3dbedc20df7065fdf0526c8746fa6b084c6c0
  languageName: node
  linkType: hard

"sort-package-json@npm:3.6.0":
  version: 3.6.0
  resolution: "sort-package-json@npm:3.6.0"
  dependencies:
    detect-indent: "npm:^7.0.2"
    detect-newline: "npm:^4.0.1"
    git-hooks-list: "npm:^4.1.1"
    is-plain-obj: "npm:^4.1.0"
    semver: "npm:^7.7.3"
    sort-object-keys: "npm:^2.0.1"
    tinyglobby: "npm:^0.2.15"
  bin:
    sort-package-json: cli.js
  checksum: 10c0/977621b4541e6a107612524c8838a516425786b1d85fad9366416d3736989b1075d40511a28f0b3c47b9a0d7c1197f828af0cc3e350cdf793d1301d427178968
  languageName: node
  linkType: hard

"split2@npm:^4.0.0":
  version: 4.2.0
  resolution: "split2@npm:4.2.0"
  checksum: 10c0/b292beb8ce9215f8c642bb68be6249c5a4c7f332fc8ecadae7be5cbdf1ea95addc95f0459ef2e7ad9d45fd1064698a097e4eb211c83e772b49bc0ee423e91534
  languageName: node
  linkType: hard

"string-argv@npm:^0.3.2":
  version: 0.3.2
  resolution: "string-argv@npm:0.3.2"
  checksum: 10c0/75c02a83759ad1722e040b86823909d9a2fc75d15dd71ec4b537c3560746e33b5f5a07f7332d1e3f88319909f82190843aa2f0a0d8c8d591ec08e93d5b8dec82
  languageName: node
  linkType: hard

"string-width@npm:^7.0.0, string-width@npm:^7.2.0":
  version: 7.2.0
  resolution: "string-width@npm:7.2.0"
  dependencies:
    emoji-regex: "npm:^10.3.0"
    get-east-asian-width: "npm:^1.0.0"
    strip-ansi: "npm:^7.1.0"
  checksum: 10c0/eb0430dd43f3199c7a46dcbf7a0b34539c76fe3aa62763d0b0655acdcbdf360b3f66f3d58ca25ba0205f42ea3491fa00f09426d3b7d3040e506878fc7664c9b9
  languageName: node
  linkType: hard

"string-width@npm:^8.0.0":
  version: 8.1.0
  resolution: "string-width@npm:8.1.0"
  dependencies:
    get-east-asian-width: "npm:^1.3.0"
    strip-ansi: "npm:^7.1.0"
  checksum: 10c0/749b5d0dab2532b4b6b801064230f4da850f57b3891287023117ab63a464ad79dd208f42f793458f48f3ad121fe2e1f01dd525ff27ead957ed9f205e27406593
  languageName: node
  linkType: hard

"strip-ansi@npm:^7.1.0":
  version: 7.1.2
  resolution: "strip-ansi@npm:7.1.2"
  dependencies:
    ansi-regex: "npm:^6.0.1"
  checksum: 10c0/0d6d7a023de33368fd042aab0bf48f4f4077abdfd60e5393e73c7c411e85e1b3a83507c11af2e656188511475776215df9ca589b4da2295c9455cc399ce1858b
  languageName: node
  linkType: hard

"strip-json-comments@npm:^5.0.2":
  version: 5.0.3
  resolution: "strip-json-comments@npm:5.0.3"
  checksum: 10c0/daaf20b29f69fb51112698f4a9a662490dbb78d5baf6127c75a0a83c2ac6c078a8c0f74b389ad5e0519d6fc359c4a57cb9971b1ae201aef62ce45a13247791e0
  languageName: node
  linkType: hard

"thread-stream@npm:^3.0.0":
  version: 3.1.0
  resolution: "thread-stream@npm:3.1.0"
  dependencies:
    real-require: "npm:^0.2.0"
  checksum: 10c0/c36118379940b77a6ef3e6f4d5dd31e97b8210c3f7b9a54eb8fe6358ab173f6d0acfaf69b9c3db024b948c0c5fd2a7df93e2e49151af02076b35ada3205ec9a6
  languageName: node
  linkType: hard

"tinyglobby@npm:^0.2.15":
  version: 0.2.15
  resolution: "tinyglobby@npm:0.2.15"
  dependencies:
    fdir: "npm:^6.5.0"
    picomatch: "npm:^4.0.3"
  checksum: 10c0/869c31490d0d88eedb8305d178d4c75e7463e820df5a9b9d388291daf93e8b1eb5de1dad1c1e139767e4269fe75f3b10d5009b2cc14db96ff98986920a186844
  languageName: node
  linkType: hard

"to-regex-range@npm:^5.0.1":
  version: 5.0.1
  resolution: "to-regex-range@npm:5.0.1"
  dependencies:
    is-number: "npm:^7.0.0"
  checksum: 10c0/487988b0a19c654ff3e1961b87f471702e708fa8a8dd02a298ef16da7206692e8552a0250e8b3e8759270f62e9d8314616f6da274734d3b558b1fc7b7724e892
  languageName: node
  linkType: hard

"universalify@npm:^2.0.0":
  version: 2.0.1
  resolution: "universalify@npm:2.0.1"
  checksum: 10c0/73e8ee3809041ca8b818efb141801a1004e3fc0002727f1531f4de613ea281b494a40909596dae4a042a4fb6cd385af5d4db2e137b1362e0e91384b828effd3a
  languageName: node
  linkType: hard

"wrap-ansi@npm:^9.0.0":
  version: 9.0.2
  resolution: "wrap-ansi@npm:9.0.2"
  dependencies:
    ansi-styles: "npm:^6.2.1"
    string-width: "npm:^7.0.0"
    strip-ansi: "npm:^7.1.0"
  checksum: 10c0/3305839b9a0d6fb930cb63a52f34d3936013d8b0682ff3ec133c9826512620f213800ffa19ea22904876d5b7e9a3c1f40682f03597d986a4ca881fa7b033688c
  languageName: node
  linkType: hard

"wrappy@npm:1":
  version: 1.0.2
  resolution: "wrappy@npm:1.0.2"
  checksum: 10c0/56fece1a4018c6a6c8e28fbc88c87e0fbf4ea8fd64fc6c63b18f4acc4bd13e0ad2515189786dd2c30d3eec9663d70f4ecf699330002f8ccb547e4a18231fc9f0
  languageName: node
  linkType: hard

"y18n@npm:^5.0.5":
  version: 5.0.8
  resolution: "y18n@npm:5.0.8"
  checksum: 10c0/4df2842c36e468590c3691c894bc9cdbac41f520566e76e24f59401ba7d8b4811eb1e34524d57e54bc6d864bcb66baab7ffd9ca42bf1eda596618f9162b91249
  languageName: node
  linkType: hard

"yaml@npm:^2.8.1":
  version: 2.8.2
  resolution: "yaml@npm:2.8.2"
  bin:
    yaml: bin.mjs
  checksum: 10c0/703e4dc1e34b324aa66876d63618dcacb9ed49f7e7fe9b70f1e703645be8d640f68ab84f12b86df8ac960bac37acf5513e115de7c970940617ce0343c8c9cd96
  languageName: node
  linkType: hard

"yargs-parser@npm:^22.0.0":
  version: 22.0.0
  resolution: "yargs-parser@npm:22.0.0"
  checksum: 10c0/cb7ef81759c4271cb1d96b9351dbbc9a9ce35d3e1122d2b739bf6c432603824fa02c67cc12dcef6ea80283379d63495686e8f41cc7b06c6576e792aba4d33e1c
  languageName: node
  linkType: hard

"yargs@npm:18.0.0":
  version: 18.0.0
  resolution: "yargs@npm:18.0.0"
  dependencies:
    cliui: "npm:^9.0.1"
    escalade: "npm:^3.1.1"
    get-caller-file: "npm:^2.0.5"
    string-width: "npm:^7.2.0"
    y18n: "npm:^5.0.5"
    yargs-parser: "npm:^22.0.0"
  checksum: 10c0/bf290e4723876ea9c638c786a5c42ac28e03c9ca2325e1424bf43b94e5876456292d3ed905b853ebbba6daf43ed29e772ac2a6b3c5fb1b16533245d6211778f3
  languageName: node
  linkType: hard
