# This file is generated by running "yarn install" inside your project.
# Manual changes might be lost - proceed with caution!

__metadata:
  version: 7
  cacheKey: 9

"@nodelib/fs.scandir@npm:2.1.5":
  version: 2.1.5
  resolution: "@nodelib/fs.scandir@npm:2.1.5"
  dependencies:
    "@nodelib/fs.stat": "npm:2.0.5"
    run-parallel: "npm:^1.1.9"
  checksum: 5f309a3b375738e97d4f3cf73ace218690d5a1cfdf98202c6b46bfda61f4317e0e0036c81b040b147e7d1632c7da2e2462e47660de428917cacaebfa2a0a20c7
  languageName: node
  linkType: hard

"@nodelib/fs.stat@npm:2.0.5, @nodelib/fs.stat@npm:^2.0.2":
  version: 2.0.5
  resolution: "@nodelib/fs.stat@npm:2.0.5"
  checksum: 594d04bcf578d15af65b510dbd9c0dc2458d2a7ef1b403924f22f64d397e965efa8c6854b3fee3395244ae642e28d896ab9d04c5ee5c46ef4fda1d48eaaef19c
  languageName: node
  linkType: hard

"@nodelib/fs.walk@npm:^1.2.3":
  version: 1.2.8
  resolution: "@nodelib/fs.walk@npm:1.2.8"
  dependencies:
    "@nodelib/fs.scandir": "npm:2.1.5"
    fastq: "npm:^1.6.0"
  checksum: 3542284aa2d6e313cfd4ae40a2502b53e1f35da6f4f9890422aad018c04866f6bfb96c4105e23dbd9fb93cfc630cc607777df658a3a525d63a3bfb9bcb2b0f21
  languageName: node
  linkType: hard

"@types/glob@npm:^7.1.1":
  version: 7.2.0
  resolution: "@types/glob@npm:7.2.0"
  dependencies:
    "@types/minimatch": "npm:*"
    "@types/node": "npm:*"
  checksum: 28f927f9e0d7f5cecafc843e0c97f79fd3afe5874d71f35ad9343352fe14fd4d6e4136cc07688e46680d1972561751fdf4468762c7de5ac32f8cf902cd1f230f
  languageName: node
  linkType: hard

"@types/minimatch@npm:*":
  version: 3.0.5
  resolution: "@types/minimatch@npm:3.0.5"
  checksum: 1e3ad77c3a101452cb52919d33e5f47f13b4fe66a6566409e1b555b975831cf127fb9ee347d6d9d1648784dac816dc955f8766991de9c3de80a80cc15890c5f1
  languageName: node
  linkType: hard

"@types/node@npm:*":
  version: 17.0.35
  resolution: "@types/node@npm:17.0.35"
  checksum: 89b978da7d7926f71b241a54a020b2981cc50312d481f3c22fc6aac31f2db7405a1cfce5727b2b16741f7f6553716ed52053f9510971ce26b247fe4d123adc51
  languageName: node
  linkType: hard

"@willbooster/prettier-config@npm:9.0.0":
  version: 9.0.0
  resolution: "@willbooster/prettier-config@npm:9.0.0"
  peerDependencies:
    prettier: ">=2"
  checksum: abe42ef2f483dfae916ff82f6faf0a31ec9e93f54a7960760965ec0708b16c08d80e0440197089c8632b0f30c0185cd681670b71f7c9d70fdfc858b0f8c59c67
  languageName: node
  linkType: hard

"@willbooster/renovate-config@npm:9.3.0":
  version: 9.3.0
  resolution: "@willbooster/renovate-config@npm:9.3.0"
  checksum: 3cea366e9aa096e85e0015de6f7f084c67f049f241830a944cebfdb9197883ee1106a56b182aec1204f7cf601a46558b5aa91cd0e2672e75c2f5dab4f43ad421
  languageName: node
  linkType: hard

"aggregate-error@npm:^3.0.0":
  version: 3.1.0
  resolution: "aggregate-error@npm:3.1.0"
  dependencies:
    clean-stack: "npm:^2.0.0"
    indent-string: "npm:^4.0.0"
  checksum: 676b1da86a0ff06a29d9a318109752990c28aae4600f6d094845a679f388a2a246402d993d223165d208122d81823235969132dc09439de2eee50a9f48fa9db9
  languageName: node
  linkType: hard

"ansi-escapes@npm:^4.3.0":
  version: 4.3.2
  resolution: "ansi-escapes@npm:4.3.2"
  dependencies:
    type-fest: "npm:^0.21.3"
  checksum: da33f33b3b792e7273cefc1ec150afbc332cab602757d2ab70fb90e5c5cfa173b10bc4a0d9d0c60479ed60e25cdf35897a82f1e498987358a6087b99300872cc
  languageName: node
  linkType: hard

"ansi-regex@npm:^5.0.1":
  version: 5.0.1
  resolution: "ansi-regex@npm:5.0.1"
  checksum: 627f94ee7fcc5e03186646ebd11ca2ccd954f3cb48fc6a3f42883db6bbf3df5dfba06d62647b2f72c975349fc072c5c44808b7da26d08a9313a7f304acda2efb
  languageName: node
  linkType: hard

"ansi-regex@npm:^6.0.1":
  version: 6.0.1
  resolution: "ansi-regex@npm:6.0.1"
  checksum: 53669c3634190ead828055bcae5f0feff485fd8d7d05538d4f753ad56ffedb7aa5bcc93efaa8e99e4907ad970682413f2407cf4acac8deb1d408bc564bca9027
  languageName: node
  linkType: hard

"ansi-styles@npm:^4.0.0":
  version: 4.3.0
  resolution: "ansi-styles@npm:4.3.0"
  dependencies:
    color-convert: "npm:^2.0.1"
  checksum: d15dab617b78cbc96f10016e929e921ad73695753de4e45a911ecee6e29aa45c71d58f1ffaf8e49889dbe726dbdb2bbe5b4e3a7bf1c517f8740ae83a29b7df25
  languageName: node
  linkType: hard

"ansi-styles@npm:^6.0.0":
  version: 6.1.0
  resolution: "ansi-styles@npm:6.1.0"
  checksum: cd798a83b2e8d55f609e2a77aed1a34a578388604634e326784cb7fe7e4153ff6bb5ae68e037521feacd6cc8ea899963d0bc17b3f3d01f378a0fb615faf41d91
  languageName: node
  linkType: hard

"array-union@npm:^2.1.0":
  version: 2.1.0
  resolution: "array-union@npm:2.1.0"
  checksum: 0644809ce6ada3bcf5d25379f3c96f0335dd45516da5303fcb9eb2477dc8ad222fe39be2d0b58a7bbc3207e68d714e5f592316b881e2b13a11cd705d11cc5d45
  languageName: node
  linkType: hard

"astral-regex@npm:^2.0.0":
  version: 2.0.0
  resolution: "astral-regex@npm:2.0.0"
  checksum: e24f6eb6f33ba55ffe8d89c60ab490791cd29772a896339388db11efcbfcd6da0d6ed59b655933f7c26ca4c2ae926f86d21bdedb142b69829d9d4a1074faa1d2
  languageName: node
  linkType: hard

"balanced-match@npm:^1.0.0":
  version: 1.0.2
  resolution: "balanced-match@npm:1.0.2"
  checksum: 9ca7fca1845f06edbd8478e209a2e8eed5bb148a021719e77affeaf0c61e45af20279e4540a9f11942acc27c078fc132ff0ebc9c16a403033cff5af3d8199f40
  languageName: node
  linkType: hard

"brace-expansion@npm:^1.1.7":
  version: 1.1.11
  resolution: "brace-expansion@npm:1.1.11"
  dependencies:
    balanced-match: "npm:^1.0.0"
    concat-map: "npm:0.0.1"
  checksum: 5ecc6da29cd3b4d49a832fd8e48f3a8b6ac058f82fe778eb6751ed30a206c5ec5171f6f632aa1946ffb4f8151136740803f620b15edca8437a9348cbb21a8ba8
  languageName: node
  linkType: hard

"braces@npm:^3.0.2":
  version: 3.0.2
  resolution: "braces@npm:3.0.2"
  dependencies:
    fill-range: "npm:^7.0.1"
  checksum: 1aa7f7f39e1dff23894196303515503dd945f36adcb78073ee067b421ecc595265556911183b24d1bc4e51011d3536d63d117cb4493e5123fcc7456596a93637
  languageName: node
  linkType: hard

"clean-stack@npm:^2.0.0":
  version: 2.2.0
  resolution: "clean-stack@npm:2.2.0"
  checksum: 0a476c914f0a5e9e12b215729e1a633fcbdd47b8c3d508ebe6441f2ef8d5047fdd0800926349dd18253db4bfcab3e48aa0aca1f2e7f5d614f7194778d7851be4
  languageName: node
  linkType: hard

"cli-cursor@npm:^3.1.0":
  version: 3.1.0
  resolution: "cli-cursor@npm:3.1.0"
  dependencies:
    restore-cursor: "npm:^3.1.0"
  checksum: 953cdb0291450958e4745da72c078865555c4cce31d48681a51266d14c44ab0641d819762044fd25d6220eebbc878a38acfad913d633eafd3403f9637b1ba4b0
  languageName: node
  linkType: hard

"cli-truncate@npm:^2.1.0":
  version: 2.1.0
  resolution: "cli-truncate@npm:2.1.0"
  dependencies:
    slice-ansi: "npm:^3.0.0"
    string-width: "npm:^4.2.0"
  checksum: 883f07a00218d9e78d2370fb94a0afd4c9898ed76b99613db0b6ac54fb5ce597d26857cae09fa0bc700eb6f43e1e60437bd17d1b909965d603ef203cd7a09a17
  languageName: node
  linkType: hard

"cli-truncate@npm:^3.1.0":
  version: 3.1.0
  resolution: "cli-truncate@npm:3.1.0"
  dependencies:
    slice-ansi: "npm:^5.0.0"
    string-width: "npm:^5.0.0"
  checksum: 4d91d570b19e3800d1b8e83ca08f03e6453cc0f6ea081deca0e3458d42bb5c148890b8b2bf2b5db9d59cfe214eaaa0df078563e5d8892537e295a2938ca27b06
  languageName: node
  linkType: hard

"color-convert@npm:^2.0.1":
  version: 2.0.1
  resolution: "color-convert@npm:2.0.1"
  dependencies:
    color-name: "npm:~1.1.4"
  checksum: bf4d19d12621eae71a531e5b977f46717b15e0d3253f25790f5779b7577124e4d9c4597df05cee79e8f8e8fc14add04e738a659ee4336ee0cc5587ebc3c602e7
  languageName: node
  linkType: hard

"color-name@npm:~1.1.4":
  version: 1.1.4
  resolution: "color-name@npm:1.1.4"
  checksum: 80acf64638343898f5b36825f4c9715ced380e738400b308f3f90ca2327f2f98f0c2cfb1f1a6447f267a2e1d1ea2214f26e948d8acab547e5478e2b0816c7c30
  languageName: node
  linkType: hard

"colorette@npm:^2.0.16":
  version: 2.0.16
  resolution: "colorette@npm:2.0.16"
  checksum: 68ff163b8954e35676cf7b3176ef44df6a9c3d61d714b580dcc86b99b52e5530d23d6a32b8ff6e11aca4d2d373dd9af063ead6bc10cae40bc1d1c56de269f106
  languageName: node
  linkType: hard

"commander@npm:^8.3.0":
  version: 8.3.0
  resolution: "commander@npm:8.3.0"
  checksum: 94dba589da4444bc07d60537438ce36bbf78b52b18bb720fb3727a3b589cb27b53171065742e6e442962e273976f034ca7475cc5517d92c7033fae2f6ed50e76
  languageName: node
  linkType: hard

"concat-map@npm:0.0.1":
  version: 0.0.1
  resolution: "concat-map@npm:0.0.1"
  checksum: 88222f18b3a68b71fe4473a146c8ed3315ec0488703104319c53543ad4668af3e79418ab79e2fa8032ee04c3eb45cc478815b89877a048cc5ba34e201bc15c35
  languageName: node
  linkType: hard

"cross-spawn@npm:^7.0.3":
  version: 7.0.3
  resolution: "cross-spawn@npm:7.0.3"
  dependencies:
    path-key: "npm:^3.1.0"
    shebang-command: "npm:^2.0.0"
    which: "npm:^2.0.1"
  checksum: 37ec685f91f04d4719892f305fa6f632aae256df7f2f3f98d5c36f2197651ad7b77851aaa2d397d19a9555f0fb89fa18f9bb3ff4b440535cc0fb4fe0a72004b9
  languageName: node
  linkType: hard

"debug@npm:^4.3.3":
  version: 4.3.4
  resolution: "debug@npm:4.3.4"
  dependencies:
    ms: "npm:2.1.2"
  peerDependenciesMeta:
    supports-color:
      optional: true
  checksum: ab50d98b6f2a0e803379e8f789017f4215efd0e085774623e462c691e9f99bfd359a35f7424ff401da3ea58b31f89ceebc9ea35779b4a94f78b0ee3e235b6640
  languageName: node
  linkType: hard

"detect-indent@npm:^6.0.0":
  version: 6.1.0
  resolution: "detect-indent@npm:6.1.0"
  checksum: 0f487ae80c5304387dec92ab348cf709111c2860792e2681cd42cfdda0e2242dd32431862a32e8ece7f21fa0ab3205719b69e49fc887c43d79922f0cb2cc328b
  languageName: node
  linkType: hard

"detect-newline@npm:3.1.0":
  version: 3.1.0
  resolution: "detect-newline@npm:3.1.0"
  checksum: cd4fd05735c6964f5d5a8cfa03aba5e9e89c491fb47f37c89b85f02b2581a1a7e9a2c8b3d904fa575463db59b706aaa494413dd11e10323daf990c33fc2d85bd
  languageName: node
  linkType: hard

"dir-glob@npm:^3.0.1":
  version: 3.0.1
  resolution: "dir-glob@npm:3.0.1"
  dependencies:
    path-type: "npm:^4.0.0"
  checksum: 713590b89f9d09b80da82094419260ee15f4e67da692659876ac747ee38788dbb8b2bd5d2749bbcf298ce934888e378569f01895a136a09b54d1b28753e337c7
  languageName: node
  linkType: hard

"eastasianwidth@npm:^0.2.0":
  version: 0.2.0
  resolution: "eastasianwidth@npm:0.2.0"
  checksum: 0b403fab07c8a53488ea6212435f12b8eeec0b0b828554381b333ea1e41104a137cfe812fa83d021ea0270eb6249226bb0dcb61f8f94bed52b943fa2f720542f
  languageName: node
  linkType: hard

"emoji-regex@npm:^8.0.0":
  version: 8.0.0
  resolution: "emoji-regex@npm:8.0.0"
  checksum: 0b84c9059a3f051e3da79112ee450f22bc8466dde2a7e09a0b1fc4eff3b98183596e6e2704d5356266851e2a013d95467421eb81c36408fbab1aeb3fc5e4764f
  languageName: node
  linkType: hard

"emoji-regex@npm:^9.2.2":
  version: 9.2.2
  resolution: "emoji-regex@npm:9.2.2"
  checksum: ef0642d76f5116a04296a85ec167696b91ca8a1373d3cd13ec3acfb0f6a77d4d1c6ce94192ab31f8bad5ca69fbd01b556638fdf389128fea48fb5f6c2c754b45
  languageName: node
  linkType: hard

"execa@npm:^5.1.1":
  version: 5.1.1
  resolution: "execa@npm:5.1.1"
  dependencies:
    cross-spawn: "npm:^7.0.3"
    get-stream: "npm:^6.0.0"
    human-signals: "npm:^2.1.0"
    is-stream: "npm:^2.0.0"
    merge-stream: "npm:^2.0.0"
    npm-run-path: "npm:^4.0.1"
    onetime: "npm:^5.1.2"
    signal-exit: "npm:^3.0.3"
    strip-final-newline: "npm:^2.0.0"
  checksum: 62053808e15136a18481d24d14f33a8fbf191b15120d5a6f390bedfded1d1980735c92ba49194d03ad818d18bf7aded5f64f4de4129eb180743e7ec563d21d45
  languageName: node
  linkType: hard

"fast-glob@npm:^3.0.3":
  version: 3.2.11
  resolution: "fast-glob@npm:3.2.11"
  dependencies:
    "@nodelib/fs.stat": "npm:^2.0.2"
    "@nodelib/fs.walk": "npm:^1.2.3"
    glob-parent: "npm:^5.1.2"
    merge2: "npm:^1.3.0"
    micromatch: "npm:^4.0.4"
  checksum: 73b4cb60ed75a9138533f6020f6c3f451a9d8f0e7e7e38e2555f281c93e9dcef1565e4801dd264d766dd5ade870a4ebd32b113c66fce75ea09bd5bc6dc66b939
  languageName: node
  linkType: hard

"fastq@npm:^1.6.0":
  version: 1.13.0
  resolution: "fastq@npm:1.13.0"
  dependencies:
    reusify: "npm:^1.0.4"
  checksum: 150b77dcf0d1e023aaed9bb5f9789f9c8828497fa44b050ba79b039798aeee6c4bcab7e533b5bacb6476811ca9c0eb7f1d021fd7ff8da54f67e3db9b35efd84c
  languageName: node
  linkType: hard

"fill-range@npm:^7.0.1":
  version: 7.0.1
  resolution: "fill-range@npm:7.0.1"
  dependencies:
    to-regex-range: "npm:^5.0.1"
  checksum: e5ccb299de8a12ea5dcef663f658933e2fbdf40aeab3e7e5af9132e82d7f6bdd0984ac2e122dc1825707f33917c308bc40b632b852331c900c317c5d64bb7bf0
  languageName: node
  linkType: hard

"fs.realpath@npm:^1.0.0":
  version: 1.0.0
  resolution: "fs.realpath@npm:1.0.0"
  checksum: 477fb3547134ce67d71531a19b2597028d2efaeced56a2fcb125ba9994a4204685d256795e4a5b68e5d866d11d8d0dd9050937cb44037beb4caeb3acb75602e2
  languageName: node
  linkType: hard

"get-stream@npm:^6.0.0":
  version: 6.0.1
  resolution: "get-stream@npm:6.0.1"
  checksum: 20a00f890236e3dafa7cb2ca44f779d8547544a8cafd3d6e8e19f0c38c1b577273e49615c1de08cb94b6b10470539bcd1f3620ecedc0cff12ed131d9b5dc5fd2
  languageName: node
  linkType: hard

"git-hooks-list@npm:1.0.3":
  version: 1.0.3
  resolution: "git-hooks-list@npm:1.0.3"
  checksum: 4540ed77021f90d33fe77771a58cd5abe406793abe3aa939b61a36fee578cda353ed2ba2af4388a5a20f7c12823fe3b1ed80cd5e5ca617009aae8498a03cc928
  languageName: node
  linkType: hard

"glob-parent@npm:^5.1.2":
  version: 5.1.2
  resolution: "glob-parent@npm:5.1.2"
  dependencies:
    is-glob: "npm:^4.0.1"
  checksum: 2a8fd4de469543f6160dbfff5c59950e39494fc8b692ca7e1d0a5564450dee53228370b43bcfdeda82c2f96b26de618ef8aa5ece28090fcd568c411b6148241d
  languageName: node
  linkType: hard

"glob@npm:^7.1.3":
  version: 7.2.3
  resolution: "glob@npm:7.2.3"
  dependencies:
    fs.realpath: "npm:^1.0.0"
    inflight: "npm:^1.0.4"
    inherits: "npm:2"
    minimatch: "npm:^3.1.1"
    once: "npm:^1.3.0"
    path-is-absolute: "npm:^1.0.0"
  checksum: c55966a5db7ed2f30976a1490f3165f9d4e20ac7cabf01b55da4cc4f8f53a4c506e6f427e469c2fbf68636200871f3acf07e159ba6d9b65e7386216b98474a34
  languageName: node
  linkType: hard

"globby@npm:10.0.0":
  version: 10.0.0
  resolution: "globby@npm:10.0.0"
  dependencies:
    "@types/glob": "npm:^7.1.1"
    array-union: "npm:^2.1.0"
    dir-glob: "npm:^3.0.1"
    fast-glob: "npm:^3.0.3"
    glob: "npm:^7.1.3"
    ignore: "npm:^5.1.1"
    merge2: "npm:^1.2.3"
    slash: "npm:^3.0.0"
  checksum: 9b3ba3d82b9b90821cb3d517303edf6f98fd8854a1c60d2e1aecdb544b078a17eaf10c0b50449df6438f52d0f960501578c650e4cf3ef6336667511cb2756318
  languageName: node
  linkType: hard

"human-signals@npm:^2.1.0":
  version: 2.1.0
  resolution: "human-signals@npm:2.1.0"
  checksum: 505db4e7615aec0ebeb6c191f7e7347091348a5ceb057d5926cf458f3081a1bdd3728902874de65c446143e5b9020f7a24147060dbe52b53e9602a5a40301118
  languageName: node
  linkType: hard

"husky@npm:7.0.4":
  version: 7.0.4
  resolution: "husky@npm:7.0.4"
  bin:
    husky: lib/bin.js
  checksum: 1d6dd7e973e7fab4316f767f3f8d76591a9857b3ad4fea2b371834afe2122d6567965b6c5a027040b403363c328d35871113d7f64586d7149b4b417c90554237
  languageName: node
  linkType: hard

"ignore@npm:^5.1.1":
  version: 5.2.0
  resolution: "ignore@npm:5.2.0"
  checksum: 0086b6992b2e2c9ec23f009e5939022323f1b4ad291607507045cc67b0a3b5d9724fc425f5300b3ba6d10ef74311bdf71cd26040227c30a182cf1b2a5971226b
  languageName: node
  linkType: hard

"indent-string@npm:^4.0.0":
  version: 4.0.0
  resolution: "indent-string@npm:4.0.0"
  checksum: f4ab9e229c120377a63fce905062e5fdf1c300ca01b72401dda5aa991e8f614fdb2f99fe7cc37ef3234413da4ab43d5a4f905356fdffb9d078e83806d274719c
  languageName: node
  linkType: hard

"inflight@npm:^1.0.4":
  version: 1.0.6
  resolution: "inflight@npm:1.0.6"
  dependencies:
    once: "npm:^1.3.0"
    wrappy: "npm:1"
  checksum: 40d0e5db34e05d49b9ad9ac678334269745644f73206862a8dee6e50ada1c8b3e70774ce28d5e6e3b03b7b868c9d9ae1edaf6eff253fc50209e4c69decad1811
  languageName: node
  linkType: hard

"inherits@npm:2":
  version: 2.0.4
  resolution: "inherits@npm:2.0.4"
  checksum: ca76c7e45ec715bfe6c1dd67b780b9a15068f37b37ab56cf8b773537b2654238469a42950f5f4d301212755e7512be888f627752e778e1863d95cfedefc8b8bd
  languageName: node
  linkType: hard

"is-extglob@npm:^2.1.1":
  version: 2.1.1
  resolution: "is-extglob@npm:2.1.1"
  checksum: 226b9f6eee1e7da52f72c98ed4ea7fc71ee3a087b6d1c62655c9a81c601caa2fd98b9f9be42fb8163eef2720cdbf046bc7c5548a76755651e540f4b08ff3b120
  languageName: node
  linkType: hard

"is-fullwidth-code-point@npm:^3.0.0":
  version: 3.0.0
  resolution: "is-fullwidth-code-point@npm:3.0.0"
  checksum: c06b5792b82dcdedb41858cdb07ca4ae5b9a853ad65c91529533221f384d751bedd8ad8db5a527cb219fd989c32a0faa0833312b6a190fe597acdd23165ef724
  languageName: node
  linkType: hard

"is-fullwidth-code-point@npm:^4.0.0":
  version: 4.0.0
  resolution: "is-fullwidth-code-point@npm:4.0.0"
  checksum: 071ac737fb85429562e1835d423aaf0b369675bcf066681066bf71198bd85ccbc5e2d623a3ede0d8252c5d1b1d89d3b1d9920b42cba151822a0d056c49fad60f
  languageName: node
  linkType: hard

"is-glob@npm:^4.0.1":
  version: 4.0.3
  resolution: "is-glob@npm:4.0.3"
  dependencies:
    is-extglob: "npm:^2.1.1"
  checksum: 0b2f6c06162a1d6c764b2f1cf0f2617b6e0cb1e8125c0e3b7e838a3e06caac81268ab3c0a4699052df59229c99e8a1dd0217b30476d7643a37fa17a49f1b50af
  languageName: node
  linkType: hard

"is-number@npm:^7.0.0":
  version: 7.0.0
  resolution: "is-number@npm:7.0.0"
  checksum: 748df55ae14cc960b090a7611932940df9fa703b7e0fb4f73943b4eb94c4b5391f27ba3881fab8f5bf7a2f097490e812db0d58d05c92154e70fdf14f93d6fa95
  languageName: node
  linkType: hard

"is-plain-obj@npm:2.1.0":
  version: 2.1.0
  resolution: "is-plain-obj@npm:2.1.0"
  checksum: d07f99715f51b58ef452a809a416bd75da7ea10152f53adf469dd30b1e262e60f6f9c1182534a7ceb3e82a5516cd9aa9548d6dfd5df7ce03f6298b19691c81df
  languageName: node
  linkType: hard

"is-stream@npm:^2.0.0":
  version: 2.0.1
  resolution: "is-stream@npm:2.0.1"
  checksum: 763e33689433924775b560e63fb7c0f7fae6cbc54fd9c410bb3536341b96fca85ce26720ba13ffb9b46446bdf540308771fe5910462b47b1e7d4c42dbd230f46
  languageName: node
  linkType: hard

"isexe@npm:^2.0.0":
  version: 2.0.0
  resolution: "isexe@npm:2.0.0"
  checksum: b37fe0a7983c0c151c7b31ca716405aaea190ac9cd6ef3f79355f4afb043ed4d3182a6addd73b20df7a0b229269737ad0daf64116821a048bfbe6b8fb7eb842c
  languageName: node
  linkType: hard

"lilconfig@npm:2.0.4":
  version: 2.0.4
  resolution: "lilconfig@npm:2.0.4"
  checksum: adb6ba6fbcf037bb06ff6c8b198261e4a2e4dd19d117be171396b5df3d0090cc7d8b3343c5ea60b72de8efa42160d6ee3c3e42d115aa189b44aa5c5e7ae42937
  languageName: node
  linkType: hard

"lint-staged@npm:12.4.1":
  version: 12.4.1
  resolution: "lint-staged@npm:12.4.1"
  dependencies:
    cli-truncate: "npm:^3.1.0"
    colorette: "npm:^2.0.16"
    commander: "npm:^8.3.0"
    debug: "npm:^4.3.3"
    execa: "npm:^5.1.1"
    lilconfig: "npm:2.0.4"
    listr2: "npm:^4.0.1"
    micromatch: "npm:^4.0.4"
    normalize-path: "npm:^3.0.0"
    object-inspect: "npm:^1.12.0"
    pidtree: "npm:^0.5.0"
    string-argv: "npm:^0.3.1"
    supports-color: "npm:^9.2.1"
    yaml: "npm:^1.10.2"
  bin:
    lint-staged: bin/lint-staged.js
  checksum: da2612b2c7a4eaf6ce172172c7231a3a2ca4b1d72ca710880b7be0bc20f0be172e014af8fc1b18be5212d5499810692fcb0769abaa398742b72ae2acf1a0ac9a
  languageName: node
  linkType: hard

"listr2@npm:^4.0.1":
  version: 4.0.5
  resolution: "listr2@npm:4.0.5"
  dependencies:
    cli-truncate: "npm:^2.1.0"
    colorette: "npm:^2.0.16"
    log-update: "npm:^4.0.0"
    p-map: "npm:^4.0.0"
    rfdc: "npm:^1.3.0"
    rxjs: "npm:^7.5.5"
    through: "npm:^2.3.8"
    wrap-ansi: "npm:^7.0.0"
  peerDependencies:
    enquirer: ">= 2.3.0 < 3"
  peerDependenciesMeta:
    enquirer:
      optional: true
  checksum: 427d859774390feb77ef44770f1d17308d9d7b304ee3566435b4d1a40c79401e07f4ea5dcf6bd4797926ff7679e299db4dded24707ca335da3a3e89e74dcf9d4
  languageName: node
  linkType: hard

"log-update@npm:^4.0.0":
  version: 4.0.0
  resolution: "log-update@npm:4.0.0"
  dependencies:
    ansi-escapes: "npm:^4.3.0"
    cli-cursor: "npm:^3.1.0"
    slice-ansi: "npm:^4.0.0"
    wrap-ansi: "npm:^6.2.0"
  checksum: b508aeb81f60fab087e44f9eb8591a22b791caa3df8363da9b171518f36406151a9590db573acbb7eeb8b49874944d3bf844d5dee734f810ad8b5a3c5eadbabf
  languageName: node
  linkType: hard

"merge-stream@npm:^2.0.0":
  version: 2.0.0
  resolution: "merge-stream@npm:2.0.0"
  checksum: 39a20c6f74e424ffb406cba0f4907c9ce06a85c84fb42a5628c6a39cd56fb3e70481b6f4d3412cf502cc3416c6e14d8d9ae6b2a4d461e56879350741220bd1e9
  languageName: node
  linkType: hard

"merge2@npm:^1.2.3, merge2@npm:^1.3.0":
  version: 1.4.1
  resolution: "merge2@npm:1.4.1"
  checksum: d58d7c31e24ccb93509def2af306eca9a55ad8b8862a26ea7deda3c9338e5d33365f57197ad37af68c319e5e2a1faf089e5d05894d0dc29ff07025b30b8ff8b0
  languageName: node
  linkType: hard

"micromatch@npm:^4.0.4":
  version: 4.0.5
  resolution: "micromatch@npm:4.0.5"
  dependencies:
    braces: "npm:^3.0.2"
    picomatch: "npm:^2.3.1"
  checksum: 260305ba8cb1f073a39bbaa31edc93f7587399a094417541dc771402f83c78819ed76743c810c9fcf1c449f09bfb4de263dad8507d532e4e86063a87158a2ad6
  languageName: node
  linkType: hard

"mimic-fn@npm:^2.1.0":
  version: 2.1.0
  resolution: "mimic-fn@npm:2.1.0"
  checksum: 416cdf3021e8d7fc741a12ec084f4c33af4ea3a4bb3d840fab0f3a786a2d9458aa1fd284fab707f3dc1e356cb6b7c9af84b17273a6433955e11494cae4ea856e
  languageName: node
  linkType: hard

"minimatch@npm:^3.1.1":
  version: 3.1.2
  resolution: "minimatch@npm:3.1.2"
  dependencies:
    brace-expansion: "npm:^1.1.7"
  checksum: 97f5615ee8f7c0019277dadef7b2b81e5c60d369cb3155cbfb9da72688aef2edb652b105353ff08a6575ae95a6189d1c09a0829b9c254f60849148457c4d8a66
  languageName: node
  linkType: hard

"ms@npm:2.1.2":
  version: 2.1.2
  resolution: "ms@npm:2.1.2"
  checksum: 3f46af60a08158f1c77746c06c2f6c7aba7feddafd41335f9baa2d7e0741d7539774aa7d5d1661a7f2b7eed55a7063771297eea016051924dbb04d4c2bf40bcb
  languageName: node
  linkType: hard

"normalize-path@npm:^3.0.0":
  version: 3.0.0
  resolution: "normalize-path@npm:3.0.0"
  checksum: 66de83885051c8a7266566cb175281ec583e3d66b5054c744b46a0eebc4eaac1e1d74c640aaf72144086a9661aa60e89ac0b5c92eb76608e5b8a5056dbcf9e27
  languageName: node
  linkType: hard

"npm-run-path@npm:^4.0.1":
  version: 4.0.1
  resolution: "npm-run-path@npm:4.0.1"
  dependencies:
    path-key: "npm:^3.0.0"
  checksum: 059e7eda4dfa26f1f870886cf034471d5355521138b33d575a24b4a05b08593e29332a96da8aabe908c608779367ad898f46dade2cb29f0cc14213f642cd4609
  languageName: node
  linkType: hard

"object-inspect@npm:^1.12.0":
  version: 1.12.1
  resolution: "object-inspect@npm:1.12.1"
  checksum: 709fa8a439b50f797a08c4c07cc06248b6010de8aa91a62306ac198e76810ccd247cc4e1635c26ae7413a7504c86cc8e4e6a4c00f2be8664a52a586bd9fad90a
  languageName: node
  linkType: hard

"once@npm:^1.3.0":
  version: 1.4.0
  resolution: "once@npm:1.4.0"
  dependencies:
    wrappy: "npm:1"
  checksum: 12d5c6ece331855387577e71c96ab5b60269390b131cf9403494206274fa520221c88f8b8d431d7227d080127730460da8907c402ab4142e592c34aacb5c9817
  languageName: node
  linkType: hard

"onetime@npm:^5.1.0, onetime@npm:^5.1.2":
  version: 5.1.2
  resolution: "onetime@npm:5.1.2"
  dependencies:
    mimic-fn: "npm:^2.1.0"
  checksum: 69704199051db0cf44c6c7196bada91387e2a9d171b4585a55c5ce518e64522007e2bcd35833ce5663078bb72042af4cd69289586fef4f74655f604b5e02a617
  languageName: node
  linkType: hard

"p-map@npm:^4.0.0":
  version: 4.0.0
  resolution: "p-map@npm:4.0.0"
  dependencies:
    aggregate-error: "npm:^3.0.0"
  checksum: 619df8954fe81933903bc760e9884d85540ef7e8f6c24c4e28e2c8f0ad14d480bb7d4541787eee2e2d61aa0fae8b54abc42f7afc35db457884e589386e78a922
  languageName: node
  linkType: hard

"path-is-absolute@npm:^1.0.0":
  version: 1.0.1
  resolution: "path-is-absolute@npm:1.0.1"
  checksum: 6bb8fef4324c3f744e5d216980aa053095e1fc533d40fa47f9c1adc16be7fa52d3c4858370c7685406c32ab143a4dca0798f2e2c0f57d7937af66d8dd79267f6
  languageName: node
  linkType: hard

"path-key@npm:^3.0.0, path-key@npm:^3.1.0":
  version: 3.1.1
  resolution: "path-key@npm:3.1.1"
  checksum: 93ee8a32e3be43548ece14eba2620bf5164884d0cc1aa3615d136567a39e02066c9b5aeb5b6747d766af55936151c95d9371ba46d4fcf361db9691505650c001
  languageName: node
  linkType: hard

"path-type@npm:^4.0.0":
  version: 4.0.0
  resolution: "path-type@npm:4.0.0"
  checksum: 6a9330ad8d96f31e929feb414cde2959078379ba5a48c9e3eab34f280d7850eec6a0fa3ed5be9150e9e4d7df5139c1ae92f891b18167528553a11382d8f54183
  languageName: node
  linkType: hard

"picomatch@npm:^2.3.1":
  version: 2.3.1
  resolution: "picomatch@npm:2.3.1"
  checksum: 6ba5938c24af2c5918e94b39aa0ad48d71f2c30634de69d46e0bd32feb666de4e909406db6ffb78f98d39ef450d6a41b6fa3954dc3659d7b2b750766c1261e5e
  languageName: node
  linkType: hard

"pidtree@npm:^0.5.0":
  version: 0.5.0
  resolution: "pidtree@npm:0.5.0"
  bin:
    pidtree: bin/pidtree.js
  checksum: bf424a56d5f89f8cce5e2e58d5ac50aee530778c4c18da5af421b55673cbf319a19dea440ec44c42104e243e424323e160110db220039a083954579ffa03fc5c
  languageName: node
  linkType: hard

"pinst@npm:3.0.0":
  version: 3.0.0
  resolution: "pinst@npm:3.0.0"
  bin:
    pinst: bin.js
  checksum: bd358d7c5786c6782674751bd8b3656d11cf510cdfef39ae9736e3a3377b8f86332b670929b6ba25accfdade11a001768bd2ce1b60c2ee5635abb7cee12bb99f
  languageName: node
  linkType: hard

"prettier@npm:2.6.2":
  version: 2.6.2
  resolution: "prettier@npm:2.6.2"
  bin:
    prettier: bin-prettier.js
  checksum: ca32544e761860cb04d4fdc84e5772972ef727b0ed802f543bf6a47b1794599048e082e4085a5a3688d2caa2f7ce6331f21c6c2cd7f3d97cddaf2625a4ed3458
  languageName: node
  linkType: hard

"queue-microtask@npm:^1.2.2":
  version: 1.2.3
  resolution: "queue-microtask@npm:1.2.3"
  checksum: 84624bee6c25c9d9776242ce0dcc3e15f703d897f4b7d982f32ef4d88c51048507a0999d9ff038ec46f65901655460b69240e414da1cebc2d723987ec81cbae8
  languageName: node
  linkType: hard

"restore-cursor@npm:^3.1.0":
  version: 3.1.0
  resolution: "restore-cursor@npm:3.1.0"
  dependencies:
    onetime: "npm:^5.1.0"
    signal-exit: "npm:^3.0.2"
  checksum: c0480003dbdebd1a4cfc75287b073a2ce66fb7eaa611282a5dc27593a9edaa39a030fa8ad765f1cb8689f71dbe57988baa8300f60e26a2a8240e41aae25f4de9
  languageName: node
  linkType: hard

"reusable-workflows@workspace:.":
  version: 0.0.0-use.local
  resolution: "reusable-workflows@workspace:."
  dependencies:
    "@willbooster/prettier-config": "npm:9.0.0"
    "@willbooster/renovate-config": "npm:9.3.0"
    husky: "npm:7.0.4"
    lint-staged: "npm:12.4.1"
    pinst: "npm:3.0.0"
    prettier: "npm:2.6.2"
    sort-package-json: "npm:1.57.0"
  languageName: unknown
  linkType: soft

"reusify@npm:^1.0.4":
  version: 1.0.4
  resolution: "reusify@npm:1.0.4"
  checksum: 3d0f10293851d5a50453257bb837ad973b046fc51fa489c46f3a480e0e3a9cf249babb30a493ad5f802a71510b2ee4e65a4609a644f98b3413575ab707f841d7
  languageName: node
  linkType: hard

"rfdc@npm:^1.3.0":
  version: 1.3.0
  resolution: "rfdc@npm:1.3.0"
  checksum: 9ced4765721871fd25557302aac79c252fd2ce6e79b94321fc32c9c6fbecbb7207f8566672bc5421aeeb8f1b673b1c9af2a7a13c4e1d8f53ac481f8d32645409
  languageName: node
  linkType: hard

"run-parallel@npm:^1.1.9":
  version: 1.2.0
  resolution: "run-parallel@npm:1.2.0"
  dependencies:
    queue-microtask: "npm:^1.2.2"
  checksum: 45bff4f6664ae79b8653ebd32c6e9e9e37139683f7bd1d54d5a05c409c9d167ece16c9b7e36a99ac4bb7a08b5f72b4084a1e08eba443bc6e2ca9044ef972752c
  languageName: node
  linkType: hard

"rxjs@npm:^7.5.5":
  version: 7.5.5
  resolution: "rxjs@npm:7.5.5"
  dependencies:
    tslib: "npm:^2.1.0"
  checksum: dcb9d0e21cd80ff48b8bb105819aa1f6860943c92023e46c14437c28c18734aa8bfa7019d0cf70731dfe34ea103a8496daf1df5a25d86f56fc69eca29776e542
  languageName: node
  linkType: hard

"shebang-command@npm:^2.0.0":
  version: 2.0.0
  resolution: "shebang-command@npm:2.0.0"
  dependencies:
    shebang-regex: "npm:^3.0.0"
  checksum: 5907a8d5facbefbd4dc8d21778d2136d5d22d61b5526452d92d46662614f0ed57090e7adf7184fe9d2d5ef75af9f05d7573437e10b37f2e6fdeeeb5f59fd9ada
  languageName: node
  linkType: hard

"shebang-regex@npm:^3.0.0":
  version: 3.0.0
  resolution: "shebang-regex@npm:3.0.0"
  checksum: 6be1588a86ed74d05481d09a6ef6a8db44550fda9785ae08c3df06717abc2e5e9a11804b1d0ac9b0641870c5ebf545e18c8d348bc105ba09227e6a32415ea1d6
  languageName: node
  linkType: hard

"signal-exit@npm:^3.0.2, signal-exit@npm:^3.0.3":
  version: 3.0.7
  resolution: "signal-exit@npm:3.0.7"
  checksum: 5cf7525c55a72d8d104d914acf2e470f74b2c156197277ad7b331bc5de3d8790170fed3c82ff98c7c31adaa8ff941bfd5ba44f55171cbe8ed0e939fa82a8322a
  languageName: node
  linkType: hard

"slash@npm:^3.0.0":
  version: 3.0.0
  resolution: "slash@npm:3.0.0"
  checksum: b88a0f1086e3cd20c8b61f50d8afff5fba83f95167a86432f54387565c9424e5d1970612371f768c128ed4b5b1c427120382bafc8c9edf0b3737eb226b733687
  languageName: node
  linkType: hard

"slice-ansi@npm:^3.0.0":
  version: 3.0.0
  resolution: "slice-ansi@npm:3.0.0"
  dependencies:
    ansi-styles: "npm:^4.0.0"
    astral-regex: "npm:^2.0.0"
    is-fullwidth-code-point: "npm:^3.0.0"
  checksum: e7788a1baa89dabce835b099e72d1d30cf48332faa9431327ec3b6aefe4de3f84802e63d706374927eb80e30102f3b3a3c5239b5c63e3f671459003e00148677
  languageName: node
  linkType: hard

"slice-ansi@npm:^4.0.0":
  version: 4.0.0
  resolution: "slice-ansi@npm:4.0.0"
  dependencies:
    ansi-styles: "npm:^4.0.0"
    astral-regex: "npm:^2.0.0"
    is-fullwidth-code-point: "npm:^3.0.0"
  checksum: ba7c41e1dd5b9dffe4cdf661d0abf3a746917965ec9022126b21380b4a8afd9bbbab6a7407b1d843b94431fdbb30c841e0d325a3afeeb269255c9cdfb5584259
  languageName: node
  linkType: hard

"slice-ansi@npm:^5.0.0":
  version: 5.0.0
  resolution: "slice-ansi@npm:5.0.0"
  dependencies:
    ansi-styles: "npm:^6.0.0"
    is-fullwidth-code-point: "npm:^4.0.0"
  checksum: 6d94805ff2cc473bd610de967b60d915e6df967fad8d47b8ebcd8a02d915400f808e49c1982bcfbdc47fde230c0274f36e016ed2284ec9254e737c728ab3b59d
  languageName: node
  linkType: hard

"sort-object-keys@npm:^1.1.3":
  version: 1.1.3
  resolution: "sort-object-keys@npm:1.1.3"
  checksum: c5538e356236165176363e724a4fe99fa0f7eaab8c9f8afce34e5bbe415da89397767c7e90b5ef3b7a5f5c517923869c9e72a89b2a99eacc823144766ccff670
  languageName: node
  linkType: hard

"sort-package-json@npm:1.57.0":
  version: 1.57.0
  resolution: "sort-package-json@npm:1.57.0"
  dependencies:
    detect-indent: "npm:^6.0.0"
    detect-newline: "npm:3.1.0"
    git-hooks-list: "npm:1.0.3"
    globby: "npm:10.0.0"
    is-plain-obj: "npm:2.1.0"
    sort-object-keys: "npm:^1.1.3"
  bin:
    sort-package-json: cli.js
  checksum: adb9a154a6c1023155c3add97325ed1277919e8c9a428ad5b2dd64db78a95305db867bf429e3e4b8bafc1dc598b961480f2e03e04db95b6c9d6f75c7ed64b619
  languageName: node
  linkType: hard

"string-argv@npm:^0.3.1":
  version: 0.3.1
  resolution: "string-argv@npm:0.3.1"
  checksum: a15b435702d7e13b85ed88b4d1ad566a8b085585c86eb4e18b2cb32d38565d0b04c69da30c9fbb968ed02628bed97a296984bc9ab703f8fd467dc07b213fb326
  languageName: node
  linkType: hard

"string-width@npm:^4.1.0, string-width@npm:^4.2.0":
  version: 4.2.3
  resolution: "string-width@npm:4.2.3"
  dependencies:
    emoji-regex: "npm:^8.0.0"
    is-fullwidth-code-point: "npm:^3.0.0"
    strip-ansi: "npm:^6.0.1"
  checksum: aa0f3e082b461e0dc8c54334ef2c748b777e7529c34d348ee16e69690da45e24f223804d94060633126462e2aa4906d6fbfab882f34036a9f4ccd3dbcd2d6931
  languageName: node
  linkType: hard

"string-width@npm:^5.0.0":
  version: 5.1.2
  resolution: "string-width@npm:5.1.2"
  dependencies:
    eastasianwidth: "npm:^0.2.0"
    emoji-regex: "npm:^9.2.2"
    strip-ansi: "npm:^7.0.1"
  checksum: cb2b2392bfd8114452b7adbe578d0472d706e01792a6b7cd35f15fe3afbda37fa26348cb984d01acebd5f9ccdb0e62a0c57cc0ec1fc7c2a5d01ef83e5afd8807
  languageName: node
  linkType: hard

"strip-ansi@npm:^6.0.0, strip-ansi@npm:^6.0.1":
  version: 6.0.1
  resolution: "strip-ansi@npm:6.0.1"
  dependencies:
    ansi-regex: "npm:^5.0.1"
  checksum: 056ca08f8097351060572eee207ec66247937d7248780a3d643b5eed7d6b5ca6a0990a4f921ffd329e8e9b66427a384237892ac3cb47463adf7d040b154084ec
  languageName: node
  linkType: hard

"strip-ansi@npm:^7.0.1":
  version: 7.0.1
  resolution: "strip-ansi@npm:7.0.1"
  dependencies:
    ansi-regex: "npm:^6.0.1"
  checksum: 552123468abae97929da64559af9c13f4518f8ea199038089bf5e49d7860d708e5e29b2e6401fcbab6f99f2c42f865c15a1976bcf51c5165f82152c7ce9a1043
  languageName: node
  linkType: hard

"strip-final-newline@npm:^2.0.0":
  version: 2.0.0
  resolution: "strip-final-newline@npm:2.0.0"
  checksum: f5909f4ce3590179074a2a72b38e08009d5f45a63e366e9ef4eee6c11e63674370b6a10def2133fe73751c79f72cd0787fd2483ff5494ced909bb9169317f368
  languageName: node
  linkType: hard

"supports-color@npm:^9.2.1":
  version: 9.2.2
  resolution: "supports-color@npm:9.2.2"
  checksum: 19d162c9d98d2c040770d8aad14566dd0fcc2f6e0524d3d9cbe1fdbead10bed683d45dab8f34d9e51bc64b336b00ceb5992b6619c78fc4e5a911802538468264
  languageName: node
  linkType: hard

"through@npm:^2.3.8":
  version: 2.3.8
  resolution: "through@npm:2.3.8"
  checksum: c9d6883ace26b3c967283827cafdd4ceee6164fa4d3754865f5032dcb564e0cbdea9dc6f43806afa51e1f2863d8e3beca141cbf7b8dcff989982aef69bb851c0
  languageName: node
  linkType: hard

"to-regex-range@npm:^5.0.1":
  version: 5.0.1
  resolution: "to-regex-range@npm:5.0.1"
  dependencies:
    is-number: "npm:^7.0.0"
  checksum: 16564897c76bbd25bd3c375ee8d4b1fd3ac965fc4ab550ff034a1dddb53816ec06dc27095468394ad4de5978d5e831a9d1ae4cb31080dc4ebd9ba80a47dc1a4f
  languageName: node
  linkType: hard

"tslib@npm:^2.1.0":
  version: 2.4.0
  resolution: "tslib@npm:2.4.0"
  checksum: 022a70708abbc3491734959effd9a87e6e0af5932b61d0c9f1d07b8b80cabbbfc9fc9e9c0fe86e5ab2d32d766ae30117edf00b02d170ff255ab7e60361a4b711
  languageName: node
  linkType: hard

"type-fest@npm:^0.21.3":
  version: 0.21.3
  resolution: "type-fest@npm:0.21.3"
  checksum: b64cd677e7d579f929d8d14bccdad0ca5da9013124f11457ce9cc255e3141dd453128a46fed2e03f38c0c2319853118edcfb118d1f4e4f09091f6bbdb91ce467
  languageName: node
  linkType: hard

"which@npm:^2.0.1":
  version: 2.0.2
  resolution: "which@npm:2.0.2"
  dependencies:
    isexe: "npm:^2.0.0"
  bin:
    node-which: ./bin/node-which
  checksum: 3728616c789b289c36ba2572887145e0736f06fe3435b8fef17e27eb5ec0696f61a21e356dd7fa58486346e57186863afa1b6c27c7665f7e674c8124f7f61157
  languageName: node
  linkType: hard

"wrap-ansi@npm:^6.2.0":
  version: 6.2.0
  resolution: "wrap-ansi@npm:6.2.0"
  dependencies:
    ansi-styles: "npm:^4.0.0"
    string-width: "npm:^4.1.0"
    strip-ansi: "npm:^6.0.0"
  checksum: 85e47f89dce667073472ee5721b1cd238ee88b438e4ee61ab4cfc966740942330462326942dc7d44ee7a1b2001914b8cfb8823ec7d3ed1fec15cf0fdb0410f83
  languageName: node
  linkType: hard

"wrap-ansi@npm:^7.0.0":
  version: 7.0.0
  resolution: "wrap-ansi@npm:7.0.0"
  dependencies:
    ansi-styles: "npm:^4.0.0"
    string-width: "npm:^4.1.0"
    strip-ansi: "npm:^6.0.0"
  checksum: b72e4a1ebd582221c3d7eae2473c7841af1fd435defe08bb3854600013ced559b10efa767b4fdc6725402ab16b79f86f73e5d4edc7cf9214e15733ee34849aa0
  languageName: node
  linkType: hard

"wrappy@npm:1":
  version: 1.0.2
  resolution: "wrappy@npm:1.0.2"
  checksum: 37d243a577dfeee20586eae1e3208dfb4e4cea1211a2a4116a19b50d91e619ff3dbc5ec934e28ca9baaa11a65df826c8d65c5fd1bb81f0ce0dadb469d47061c2
  languageName: node
  linkType: hard

"yaml@npm:^1.10.2":
  version: 1.10.2
  resolution: "yaml@npm:1.10.2"
  checksum: d6f04384bdf1105256581aef39991f825e358f3f48f081974b0e0f39ff5240c60ccafb5842cb79d1287517efa2b9ee172c702f2e4855ba6cc46948b40a43aa6e
  languageName: node
  linkType: hard
